
Microsoft Visual Studio Solution File, Format Version 12.00
# Visual Studio Version 17
VisualStudioVersion = 17.14.36301.6
MinimumVisualStudioVersion = 10.0.40219.1
Project("{FAE04EC0-301F-11D3-BF4B-00C04F79EFBC}") = "IdentityProvider.Server.Api", "src\IdentityProvider.Server.Api\IdentityProvider.Server.Api.csproj", "{63704152-6541-4677-BB34-4489BBCAE336}"
EndProject
Project("{2150E333-8FDC-42A3-9474-1A3956D46DE8}") = "src", "src", "{827E0CD3-B72D-47B6-A68D-7590B98EB39B}"
EndProject
Project("{2150E333-8FDC-42A3-9474-1A3956D46DE8}") = "Solution Items", "Solution Items", "{8EC462FD-D22E-90A8-E5CE-7E832BA40C5D}"
	ProjectSection(SolutionItems) = preProject
		Directory.Build.props = Directory.Build.props
		Directory.Packages.props = Directory.Packages.props
	EndProjectSection
EndProject
Project("{FAE04EC0-301F-11D3-BF4B-00C04F79EFBC}") = "IdentityProvider.Server.Configuration", "src\IdentityProvider.Server.Configuration\IdentityProvider.Server.Configuration.csproj", "{89A2A494-4E9E-F2BB-0D25-319318C5E50D}"
EndProject
Global
	GlobalSection(SolutionConfigurationPlatforms) = preSolution
		Debug|Any CPU = Debug|Any CPU
		Release|Any CPU = Release|Any CPU
	EndGlobalSection
	GlobalSection(ProjectConfigurationPlatforms) = postSolution
		{63704152-6541-4677-BB34-4489BBCAE336}.Debug|Any CPU.ActiveCfg = Debug|Any CPU
		{63704152-6541-4677-BB34-4489BBCAE336}.Debug|Any CPU.Build.0 = Debug|Any CPU
		{63704152-6541-4677-BB34-4489BBCAE336}.Release|Any CPU.ActiveCfg = Release|Any CPU
		{63704152-6541-4677-BB34-4489BBCAE336}.Release|Any CPU.Build.0 = Release|Any CPU
		{89A2A494-4E9E-F2BB-0D25-319318C5E50D}.Debug|Any CPU.ActiveCfg = Debug|Any CPU
		{89A2A494-4E9E-F2BB-0D25-319318C5E50D}.Debug|Any CPU.Build.0 = Debug|Any CPU
		{89A2A494-4E9E-F2BB-0D25-319318C5E50D}.Release|Any CPU.ActiveCfg = Release|Any CPU
		{89A2A494-4E9E-F2BB-0D25-319318C5E50D}.Release|Any CPU.Build.0 = Release|Any CPU
	EndGlobalSection
	GlobalSection(SolutionProperties) = preSolution
		HideSolutionNode = FALSE
	EndGlobalSection
	GlobalSection(NestedProjects) = preSolution
		{63704152-6541-4677-BB34-4489BBCAE336} = {827E0CD3-B72D-47B6-A68D-7590B98EB39B}
		{89A2A494-4E9E-F2BB-0D25-319318C5E50D} = {827E0CD3-B72D-47B6-A68D-7590B98EB39B}
	EndGlobalSection
	GlobalSection(ExtensibilityGlobals) = postSolution
		SolutionGuid = {4BBC6FA7-5F12-40C8-9459-7726674CD9C4}
	EndGlobalSection
EndGlobal
